
Microsoft Visual Studio Solution File, Format Version 12.00
# Visual Studio 2012
Project("{FAE04EC0-301F-11D3-BF4B-00C04F79EFBC}") = "FluentConsole", "FluentConsole\FluentConsole.csproj", "{6EAB1403-E32F-406B-9EF6-4F998DD7A29A}"
EndProject
Project("{FAE04EC0-301F-11D3-BF4B-00C04F79EFBC}") = "FluentConsoleDemo", "FluentConsoleDemo\FluentConsoleDemo.csproj", "{437F02CC-8523-49E4-8734-8B42AEEBB652}"
EndProject
Global
	GlobalSection(SolutionConfigurationPlatforms) = preSolution
		Debug|Any CPU = Debug|Any CPU
		Release|Any CPU = Release|Any CPU
	EndGlobalSection
	GlobalSection(ProjectConfigurationPlatforms) = postSolution
		{6EAB1403-E32F-406B-9EF6-4F998DD7A29A}.Debug|Any CPU.ActiveCfg = Debug|Any CPU
		{6EAB1403-E32F-406B-9EF6-4F998DD7A29A}.Debug|Any CPU.Build.0 = Debug|Any CPU
		{6EAB1403-E32F-406B-9EF6-4F998DD7A29A}.Release|Any CPU.ActiveCfg = Release|Any CPU
		{6EAB1403-E32F-406B-9EF6-4F998DD7A29A}.Release|Any CPU.Build.0 = Release|Any CPU
		{437F02CC-8523-49E4-8734-8B42AEEBB652}.Debug|Any CPU.ActiveCfg = Debug|Any CPU
		{437F02CC-8523-49E4-8734-8B42AEEBB652}.Debug|Any CPU.Build.0 = Debug|Any CPU
		{437F02CC-8523-49E4-8734-8B42AEEBB652}.Release|Any CPU.ActiveCfg = Release|Any CPU
		{437F02CC-8523-49E4-8734-8B42AEEBB652}.Release|Any CPU.Build.0 = Release|Any CPU
	EndGlobalSection
	GlobalSection(SolutionProperties) = preSolution
		HideSolutionNode = FALSE
	EndGlobalSection
EndGlobal
